
Microsoft Visual Studio Solution File, Format Version 12.00
# Visual Studio Version 16
VisualStudioVersion = 16.0.31729.503
MinimumVisualStudioVersion = 10.0.40219.1
Project("{FAE04EC0-301F-11D3-BF4B-00C04F79EFBC}") = "GSB_grp", "GSB_grp\GSB_grp.csproj", "{6ABA18C8-7D16-4C49-84AB-00F2D4E8A40C}"
EndProject
Project("{FAE04EC0-301F-11D3-BF4B-00C04F79EFBC}") = "LibraryOfClass", "LibraryOfClass\LibraryOfClass.csproj", "{AD544167-84A3-464E-8F4F-2CA06FBDB0E6}"
EndProject
Global
	GlobalSection(SolutionConfigurationPlatforms) = preSolution
		Debug|Any CPU = Debug|Any CPU
		Release|Any CPU = Release|Any CPU
	EndGlobalSection
	GlobalSection(ProjectConfigurationPlatforms) = postSolution
		{6ABA18C8-7D16-4C49-84AB-00F2D4E8A40C}.Debug|Any CPU.ActiveCfg = Debug|Any CPU
		{6ABA18C8-7D16-4C49-84AB-00F2D4E8A40C}.Debug|Any CPU.Build.0 = Debug|Any CPU
		{6ABA18C8-7D16-4C49-84AB-00F2D4E8A40C}.Release|Any CPU.ActiveCfg = Release|Any CPU
		{6ABA18C8-7D16-4C49-84AB-00F2D4E8A40C}.Release|Any CPU.Build.0 = Release|Any CPU
		{AD544167-84A3-464E-8F4F-2CA06FBDB0E6}.Debug|Any CPU.ActiveCfg = Debug|Any CPU
		{AD544167-84A3-464E-8F4F-2CA06FBDB0E6}.Debug|Any CPU.Build.0 = Debug|Any CPU
		{AD544167-84A3-464E-8F4F-2CA06FBDB0E6}.Release|Any CPU.ActiveCfg = Release|Any CPU
		{AD544167-84A3-464E-8F4F-2CA06FBDB0E6}.Release|Any CPU.Build.0 = Release|Any CPU
	EndGlobalSection
	GlobalSection(SolutionProperties) = preSolution
		HideSolutionNode = FALSE
	EndGlobalSection
	GlobalSection(ExtensibilityGlobals) = postSolution
		SolutionGuid = {B575BA1E-38E9-4660-BEA3-E0F96F8EBA59}
	EndGlobalSection
EndGlobal
